
Microsoft Visual Studio Solution File, Format Version 12.00
# Visual Studio Version 17
VisualStudioVersion = 17.4.33122.133
MinimumVisualStudioVersion = 10.0.40219.1
Project("{9A19103F-16F7-4668-BE54-9A1E7A4F7556}") = "fileInfoExtract", "fileInfoExtract.csproj", "{38699527-A3A6-447A-908B-3501E14C5621}"
EndProject
Global
	GlobalSection(SolutionConfigurationPlatforms) = preSolution
		Debug|Any CPU = Debug|Any CPU
		Release|Any CPU = Release|Any CPU
	EndGlobalSection
	GlobalSection(ProjectConfigurationPlatforms) = postSolution
		{38699527-A3A6-447A-908B-3501E14C5621}.Debug|Any CPU.ActiveCfg = Debug|Any CPU
		{38699527-A3A6-447A-908B-3501E14C5621}.Debug|Any CPU.Build.0 = Debug|Any CPU
		{38699527-A3A6-447A-908B-3501E14C5621}.Release|Any CPU.ActiveCfg = Release|Any CPU
		{38699527-A3A6-447A-908B-3501E14C5621}.Release|Any CPU.Build.0 = Release|Any CPU
	EndGlobalSection
	GlobalSection(SolutionProperties) = preSolution
		HideSolutionNode = FALSE
	EndGlobalSection
	GlobalSection(ExtensibilityGlobals) = postSolution
		SolutionGuid = {1A3E6151-0D64-4ADB-9BD4-5F2F1FB9541B}
	EndGlobalSection
EndGlobal
